<?xml version="1.0" encoding="UTF-8" standalone="yes" ?>
<CodeBlocks_project_file>
	<FileVersion major="1" minor="6" />
	<Project>
		<Option title="gpiozerocpp" />
		<Option pch_mode="2" />
		<Option compiler="gcc" />
		<Build>
			<Target title="Debug">
				<Option output="bin/Debug/gpiozerocpp" prefix_auto="1" extension_auto="1" />
				<Option object_output="obj/Debug/" />
				<Option type="3" />
				<Option compiler="gcc" />
				<Option createDefFile="1" />
				<Option createStaticLib="1" />
				<Compiler>
					<Add option="-g" />
					<Add directory="include" />
					<Add directory="include/gpiozerocpp/outputdevice" />
					<Add directory="include/gpiozerocpp/inputdevice" />
					<Add directory="include/gpiozerocpp/spidevice" />
					<Add directory="include/gpiozerocpp/i2cdevice" />
				</Compiler>
			</Target>
			<Target title="Release">
				<Option output="bin/Release/gpiozerocpp" prefix_auto="1" extension_auto="1" />
				<Option object_output="obj/Release/" />
				<Option type="3" />
				<Option compiler="gcc" />
				<Option createDefFile="1" />
				<Option createStaticLib="1" />
				<Compiler>
					<Add option="-O2" />
					<Add directory="include" />
					<Add directory="include/gpiozerocpp/outputdevice" />
					<Add directory="include/gpiozerocpp/inputdevice" />
					<Add directory="include/gpiozerocpp/spidevice" />
					<Add directory="include/gpiozerocpp/i2cdevice" />
				</Compiler>
				<Linker>
					<Add option="-s" />
				</Linker>
			</Target>
		</Build>
		<Compiler>
			<Add option="-Wall" />
			<Add option="-fexceptions" />
		</Compiler>
		<Unit filename="include/gpiozerocpp/gpiozerocpp.hpp" />
		<Unit filename="include/gpiozerocpp/i2cdevice/LCD.hpp" />
		<Unit filename="include/gpiozerocpp/inputdevice/Button.hpp" />
		<Unit filename="include/gpiozerocpp/inputdevice/DistanceSensor.hpp" />
		<Unit filename="include/gpiozerocpp/inputdevice/InputDevice.hpp" />
		<Unit filename="include/gpiozerocpp/inputdevice/LineSensor.hpp" />
		<Unit filename="include/gpiozerocpp/inputdevice/MotionSensor.hpp" />
		<Unit filename="include/gpiozerocpp/inputdevice/TouchSensor.hpp" />
		<Unit filename="include/gpiozerocpp/outputdevice/AngularServo.hpp" />
		<Unit filename="include/gpiozerocpp/outputdevice/Buzzer.hpp" />
		<Unit filename="include/gpiozerocpp/outputdevice/LED.hpp" />
		<Unit filename="include/gpiozerocpp/outputdevice/OutputDevice.hpp" />
		<Unit filename="include/gpiozerocpp/outputdevice/PWMLED.hpp" />
		<Unit filename="include/gpiozerocpp/outputdevice/RGBLED.hpp" />
		<Unit filename="include/gpiozerocpp/outputdevice/Relay.hpp" />
		<Unit filename="include/gpiozerocpp/outputdevice/Servo.hpp" />
		<Unit filename="include/gpiozerocpp/spidevice/ADCSensor.hpp" />
		<Unit filename="include/gpiozerocpp/spidevice/RFIDSensor.hpp" />
		<Unit filename="src/ADCSensor.cpp" />
		<Unit filename="src/AngularServo.cpp" />
		<Unit filename="src/Button.cpp" />
		<Unit filename="src/Buzzer.cpp" />
		<Unit filename="src/DistanceSensor.cpp" />
		<Unit filename="src/InputDevice.cpp" />
		<Unit filename="src/LCD.cpp" />
		<Unit filename="src/LED.cpp" />
		<Unit filename="src/LineSensor.cpp" />
		<Unit filename="src/MotionSensor.cpp" />
		<Unit filename="src/OutputDevice.cpp" />
		<Unit filename="src/PWMLED.cpp" />
		<Unit filename="src/RFIDSensor.cpp" />
		<Unit filename="src/RGBLED.cpp" />
		<Unit filename="src/Relay.cpp" />
		<Unit filename="src/Servo.cpp" />
		<Unit filename="src/TouchSensor.cpp" />
		<Unit filename="src/gpiozerocpp.cpp" />
		<Extensions>
			<code_completion />
			<debugger />
		</Extensions>
	</Project>
</CodeBlocks_project_file>
